// !$*UTF8*$!
{
	archiveVersion = 1;
	classes = {
	};
	objectVersion = 52;
	objects = {

/* Begin PBXBuildFile section */
		2A4AF169231450C600EDB9E4 /* Preferences.swift in Sources */ = {isa = PBXBuildFile; fileRef = 2A4AF168231450C600EDB9E4 /* Preferences.swift */; };
		2A6A62722371852B006F346C /* Main.storyboard in Resources */ = {isa = PBXBuildFile; fileRef = FCC6C4DF19A58C7A0063EC3C /* Main.storyboard */; };
		2A6A6273237185B9006F346C /* Images.xcassets in Resources */ = {isa = PBXBuildFile; fileRef = FCC6C4DD19A58C7A0063EC3C /* Images.xcassets */; };
		2A891D372490253C0084F523 /* LoginServiceKit in Frameworks */ = {isa = PBXBuildFile; productRef = 2A891D362490253C0084F523 /* LoginServiceKit */; };
		2AAE3120266500070054634E /* Sparkle in Frameworks */ = {isa = PBXBuildFile; productRef = 2AAE311F266500070054634E /* Sparkle */; };
		2AC4B0DA24921BB100EE6AA4 /* notification.mp3 in Copy Sounds */ = {isa = PBXBuildFile; fileRef = 2AFA895A2490C51900FA3E86 /* notification.mp3 */; settings = {ATTRIBUTES = (CodeSignOnCopy, ); }; };
		2AC4B0DB24921BB100EE6AA4 /* stop.mp3 in Copy Sounds */ = {isa = PBXBuildFile; fileRef = 2AFA895D2490C76B00FA3E86 /* stop.mp3 */; settings = {ATTRIBUTES = (CodeSignOnCopy, ); }; };
		2AFA89612490ED1E00FA3E86 /* About.swift in Sources */ = {isa = PBXBuildFile; fileRef = 2AFA89602490ED1E00FA3E86 /* About.swift */; };
		FCC6C4D819A58C7A0063EC3C /* main.swift in Sources */ = {isa = PBXBuildFile; fileRef = FCC6C4D719A58C7A0063EC3C /* main.swift */; };
		FCC6C4DC19A58C7A0063EC3C /* AppDelegate.swift in Sources */ = {isa = PBXBuildFile; fileRef = FCC6C4DB19A58C7A0063EC3C /* AppDelegate.swift */; };
/* End PBXBuildFile section */

/* Begin PBXCopyFilesBuildPhase section */
		2AC4B0D924921B9D00EE6AA4 /* Copy Sounds */ = {
			isa = PBXCopyFilesBuildPhase;
			buildActionMask = 2147483647;
			dstPath = sounds;
			dstSubfolderSpec = 7;
			files = (
				2AC4B0DA24921BB100EE6AA4 /* notification.mp3 in Copy Sounds */,
				2AC4B0DB24921BB100EE6AA4 /* stop.mp3 in Copy Sounds */,
			);
			name = "Copy Sounds";
			runOnlyForDeploymentPostprocessing = 0;
		};
/* End PBXCopyFilesBuildPhase section */

/* Begin PBXFileReference section */
		2A4AF168231450C600EDB9E4 /* Preferences.swift */ = {isa = PBXFileReference; lastKnownFileType = sourcecode.swift; path = Preferences.swift; sourceTree = "<group>"; };
		2A6FAAC923169CFF002E6BA2 /* de */ = {isa = PBXFileReference; lastKnownFileType = text.plist.strings; name = de; path = de.lproj/Main.strings; sourceTree = "<group>"; };
		2AC08F7B23706FE100FAD128 /* resleep.html */ = {isa = PBXFileReference; fileEncoding = 4; lastKnownFileType = text.html; path = resleep.html; sourceTree = "<group>"; };
		2AF688FE248FA27600221D02 /* ReSleep.entitlements */ = {isa = PBXFileReference; lastKnownFileType = text.plist.entitlements; path = ReSleep.entitlements; sourceTree = "<group>"; };
		2AFA895A2490C51900FA3E86 /* notification.mp3 */ = {isa = PBXFileReference; lastKnownFileType = audio.mp3; path = notification.mp3; sourceTree = "<group>"; };
		2AFA895D2490C76B00FA3E86 /* stop.mp3 */ = {isa = PBXFileReference; lastKnownFileType = audio.mp3; path = stop.mp3; sourceTree = "<group>"; };
		2AFA89602490ED1E00FA3E86 /* About.swift */ = {isa = PBXFileReference; fileEncoding = 4; lastKnownFileType = sourcecode.swift; path = About.swift; sourceTree = "<group>"; };
		FCC6C4D219A58C7A0063EC3C /* ReSleep.app */ = {isa = PBXFileReference; explicitFileType = wrapper.application; includeInIndex = 0; path = ReSleep.app; sourceTree = BUILT_PRODUCTS_DIR; };
		FCC6C4D619A58C7A0063EC3C /* Info.plist */ = {isa = PBXFileReference; lastKnownFileType = text.plist.xml; path = Info.plist; sourceTree = "<group>"; };
		FCC6C4D719A58C7A0063EC3C /* main.swift */ = {isa = PBXFileReference; lastKnownFileType = sourcecode.swift; path = main.swift; sourceTree = "<group>"; };
		FCC6C4DB19A58C7A0063EC3C /* AppDelegate.swift */ = {isa = PBXFileReference; lastKnownFileType = sourcecode.swift; path = AppDelegate.swift; sourceTree = "<group>"; };
		FCC6C4DD19A58C7A0063EC3C /* Images.xcassets */ = {isa = PBXFileReference; lastKnownFileType = folder.assetcatalog; path = Images.xcassets; sourceTree = "<group>"; };
		FCC6C4E019A58C7A0063EC3C /* Base */ = {isa = PBXFileReference; lastKnownFileType = file.storyboard; name = Base; path = Base.lproj/Main.storyboard; sourceTree = "<group>"; };
/* End PBXFileReference section */

/* Begin PBXFrameworksBuildPhase section */
		FCC6C4CF19A58C7A0063EC3C /* Frameworks */ = {
			isa = PBXFrameworksBuildPhase;
			buildActionMask = 2147483647;
			files = (
				2A891D372490253C0084F523 /* LoginServiceKit in Frameworks */,
				2AAE3120266500070054634E /* Sparkle in Frameworks */,
			);
			runOnlyForDeploymentPostprocessing = 0;
		};
/* End PBXFrameworksBuildPhase section */

/* Begin PBXGroup section */
		2AC4B0D824921B6900EE6AA4 /* sounds */ = {
			isa = PBXGroup;
			children = (
				2AFA895A2490C51900FA3E86 /* notification.mp3 */,
				2AFA895D2490C76B00FA3E86 /* stop.mp3 */,
			);
			path = sounds;
			sourceTree = "<group>";
		};
		FCC6C4C919A58C7A0063EC3C = {
			isa = PBXGroup;
			children = (
				FCC6C4D419A58C7A0063EC3C /* ReSleep */,
				FCC6C4D319A58C7A0063EC3C /* Products */,
			);
			sourceTree = "<group>";
		};
		FCC6C4D319A58C7A0063EC3C /* Products */ = {
			isa = PBXGroup;
			children = (
				FCC6C4D219A58C7A0063EC3C /* ReSleep.app */,
			);
			name = Products;
			sourceTree = "<group>";
		};
		FCC6C4D419A58C7A0063EC3C /* ReSleep */ = {
			isa = PBXGroup;
			children = (
				2AC4B0D824921B6900EE6AA4 /* sounds */,
				2AFA89602490ED1E00FA3E86 /* About.swift */,
				FCC6C4DB19A58C7A0063EC3C /* AppDelegate.swift */,
				2A4AF168231450C600EDB9E4 /* Preferences.swift */,
				FCC6C4DD19A58C7A0063EC3C /* Images.xcassets */,
				FCC6C4DF19A58C7A0063EC3C /* Main.storyboard */,
				2AC08F7B23706FE100FAD128 /* resleep.html */,
				2AF688FE248FA27600221D02 /* ReSleep.entitlements */,
				FCC6C4D519A58C7A0063EC3C /* Supporting Files */,
			);
			path = ReSleep;
			sourceTree = "<group>";
		};
		FCC6C4D519A58C7A0063EC3C /* Supporting Files */ = {
			isa = PBXGroup;
			children = (
				FCC6C4D619A58C7A0063EC3C /* Info.plist */,
				FCC6C4D719A58C7A0063EC3C /* main.swift */,
			);
			name = "Supporting Files";
			sourceTree = "<group>";
		};
/* End PBXGroup section */

/* Begin PBXNativeTarget section */
		FCC6C4D119A58C7A0063EC3C /* ReSleep */ = {
			isa = PBXNativeTarget;
			buildConfigurationList = FCC6C4F019A58C7A0063EC3C /* Build configuration list for PBXNativeTarget "ReSleep" */;
			buildPhases = (
				FCC6C4CE19A58C7A0063EC3C /* Sources */,
				FCC6C4CF19A58C7A0063EC3C /* Frameworks */,
				FCC6C4D019A58C7A0063EC3C /* Resources */,
				2AC4B0D924921B9D00EE6AA4 /* Copy Sounds */,
				2A4AF16B2314684300EDB9E4 /* Copy Helper */,
			);
			buildRules = (
			);
			dependencies = (
			);
			name = ReSleep;
			packageProductDependencies = (
				2A891D362490253C0084F523 /* LoginServiceKit */,
				2AAE311F266500070054634E /* Sparkle */,
			);
			productName = KUMenuBar;
			productReference = FCC6C4D219A58C7A0063EC3C /* ReSleep.app */;
			productType = "com.apple.product-type.application";
		};
/* End PBXNativeTarget section */

/* Begin PBXProject section */
		FCC6C4CA19A58C7A0063EC3C /* Project object */ = {
			isa = PBXProject;
			attributes = {
				LastUpgradeCheck = 1150;
				ORGANIZATIONNAME = "Sascha Lamprecht";
				TargetAttributes = {
					FCC6C4D119A58C7A0063EC3C = {
						CreatedOnToolsVersion = 6.0;
						LastSwiftMigration = 1030;
					};
				};
			};
			buildConfigurationList = FCC6C4CD19A58C7A0063EC3C /* Build configuration list for PBXProject "ReSleep" */;
			compatibilityVersion = "Xcode 10.0";
			developmentRegion = en;
			hasScannedForEncodings = 0;
			knownRegions = (
				en,
				Base,
				de,
			);
			mainGroup = FCC6C4C919A58C7A0063EC3C;
			packageReferences = (
				2A891D352490253B0084F523 /* XCRemoteSwiftPackageReference "LoginServiceKit" */,
				2AAE311E266500070054634E /* XCRemoteSwiftPackageReference "Sparkle" */,
			);
			productRefGroup = FCC6C4D319A58C7A0063EC3C /* Products */;
			projectDirPath = "";
			projectRoot = "";
			targets = (
				FCC6C4D119A58C7A0063EC3C /* ReSleep */,
			);
		};
/* End PBXProject section */

/* Begin PBXResourcesBuildPhase section */
		FCC6C4D019A58C7A0063EC3C /* Resources */ = {
			isa = PBXResourcesBuildPhase;
			buildActionMask = 2147483647;
			files = (
				2A6A6273237185B9006F346C /* Images.xcassets in Resources */,
				2A6A62722371852B006F346C /* Main.storyboard in Resources */,
			);
			runOnlyForDeploymentPostprocessing = 0;
		};
/* End PBXResourcesBuildPhase section */

/* Begin PBXShellScriptBuildPhase section */
		2A4AF16B2314684300EDB9E4 /* Copy Helper */ = {
			isa = PBXShellScriptBuildPhase;
			buildActionMask = 2147483647;
			files = (
			);
			inputFileListPaths = (
			);
			inputPaths = (
			);
			name = "Copy Helper";
			outputFileListPaths = (
			);
			outputPaths = (
			);
			runOnlyForDeploymentPostprocessing = 0;
			shellPath = /bin/bash;
			shellScript = "# Type a script or drag a script file from your workspace to insert its path.\nrm -r /Applications/ReSleep.app\nrm -r \"${TARGET_BUILD_DIR}\"/ReSleep.app/Contents/Resources/sounds/Sparkle.framework\ncp -r \"${TARGET_BUILD_DIR}\"/ReSleep.app /Applications/\nif [ -d /Volumes/Homeshare/Xcode/resleep ]; then\ncp \"/Users/luigi/Documents/Xcode/resleep/ReSleep/resleep.html\" \"/Volumes/Homeshare/Xcode/resleep/upload/resleep.html\"\nrm /Volumes/Homeshare/Xcode/resleep/upload/resleep.zip 2> /dev/null\ncd /Applications\nditto -c -k --sequesterRsrc --keepParent ReSleep.app /Volumes/Homeshare/Xcode/resleep/upload/resleep.zip\nfi\n";
		};
/* End PBXShellScriptBuildPhase section */

/* Begin PBXSourcesBuildPhase section */
		FCC6C4CE19A58C7A0063EC3C /* Sources */ = {
			isa = PBXSourcesBuildPhase;
			buildActionMask = 2147483647;
			files = (
				FCC6C4DC19A58C7A0063EC3C /* AppDelegate.swift in Sources */,
				2AFA89612490ED1E00FA3E86 /* About.swift in Sources */,
				2A4AF169231450C600EDB9E4 /* Preferences.swift in Sources */,
				FCC6C4D819A58C7A0063EC3C /* main.swift in Sources */,
			);
			runOnlyForDeploymentPostprocessing = 0;
		};
/* End PBXSourcesBuildPhase section */

/* Begin PBXVariantGroup section */
		FCC6C4DF19A58C7A0063EC3C /* Main.storyboard */ = {
			isa = PBXVariantGroup;
			children = (
				FCC6C4E019A58C7A0063EC3C /* Base */,
				2A6FAAC923169CFF002E6BA2 /* de */,
			);
			name = Main.storyboard;
			sourceTree = "<group>";
		};
/* End PBXVariantGroup section */

/* Begin XCBuildConfiguration section */
		FCC6C4EE19A58C7A0063EC3C /* Debug */ = {
			isa = XCBuildConfiguration;
			buildSettings = {
				ALWAYS_SEARCH_USER_PATHS = NO;
				CLANG_ANALYZER_LOCALIZABILITY_NONLOCALIZED = YES;
				CLANG_CXX_LANGUAGE_STANDARD = "gnu++0x";
				CLANG_CXX_LIBRARY = "libc++";
				CLANG_ENABLE_MODULES = YES;
				CLANG_ENABLE_OBJC_ARC = YES;
				CLANG_WARN_BLOCK_CAPTURE_AUTORELEASING = YES;
				CLANG_WARN_BOOL_CONVERSION = YES;
				CLANG_WARN_COMMA = YES;
				CLANG_WARN_CONSTANT_CONVERSION = YES;
				CLANG_WARN_DEPRECATED_OBJC_IMPLEMENTATIONS = YES;
				CLANG_WARN_DIRECT_OBJC_ISA_USAGE = YES_ERROR;
				CLANG_WARN_EMPTY_BODY = YES;
				CLANG_WARN_ENUM_CONVERSION = YES;
				CLANG_WARN_INFINITE_RECURSION = YES;
				CLANG_WARN_INT_CONVERSION = YES;
				CLANG_WARN_NON_LITERAL_NULL_CONVERSION = YES;
				CLANG_WARN_OBJC_IMPLICIT_RETAIN_SELF = YES;
				CLANG_WARN_OBJC_LITERAL_CONVERSION = YES;
				CLANG_WARN_OBJC_ROOT_CLASS = YES_ERROR;
				CLANG_WARN_RANGE_LOOP_ANALYSIS = YES;
				CLANG_WARN_STRICT_PROTOTYPES = YES;
				CLANG_WARN_SUSPICIOUS_MOVE = YES;
				CLANG_WARN_UNREACHABLE_CODE = YES;
				CLANG_WARN__DUPLICATE_METHOD_MATCH = YES;
				CODE_SIGN_IDENTITY = "-";
				COPY_PHASE_STRIP = NO;
				ENABLE_STRICT_OBJC_MSGSEND = YES;
				ENABLE_TESTABILITY = YES;
				GCC_C_LANGUAGE_STANDARD = gnu99;
				GCC_DYNAMIC_NO_PIC = NO;
				GCC_NO_COMMON_BLOCKS = YES;
				GCC_OPTIMIZATION_LEVEL = 0;
				GCC_PREPROCESSOR_DEFINITIONS = (
					"DEBUG=1",
					"$(inherited)",
				);
				GCC_SYMBOLS_PRIVATE_EXTERN = NO;
				GCC_WARN_64_TO_32_BIT_CONVERSION = YES;
				GCC_WARN_ABOUT_RETURN_TYPE = YES_ERROR;
				GCC_WARN_UNDECLARED_SELECTOR = YES;
				GCC_WARN_UNINITIALIZED_AUTOS = YES_AGGRESSIVE;
				GCC_WARN_UNUSED_FUNCTION = YES;
				GCC_WARN_UNUSED_VARIABLE = YES;
				MACOSX_DEPLOYMENT_TARGET = 10.10;
				MTL_ENABLE_DEBUG_INFO = YES;
				ONLY_ACTIVE_ARCH = YES;
				SDKROOT = macosx;
				SWIFT_OPTIMIZATION_LEVEL = "-Onone";
			};
			name = Debug;
		};
		FCC6C4EF19A58C7A0063EC3C /* Release */ = {
			isa = XCBuildConfiguration;
			buildSettings = {
				ALWAYS_SEARCH_USER_PATHS = NO;
				CLANG_ANALYZER_LOCALIZABILITY_NONLOCALIZED = YES;
				CLANG_CXX_LANGUAGE_STANDARD = "gnu++0x";
				CLANG_CXX_LIBRARY = "libc++";
				CLANG_ENABLE_MODULES = YES;
				CLANG_ENABLE_OBJC_ARC = YES;
				CLANG_WARN_BLOCK_CAPTURE_AUTORELEASING = YES;
				CLANG_WARN_BOOL_CONVERSION = YES;
				CLANG_WARN_COMMA = YES;
				CLANG_WARN_CONSTANT_CONVERSION = YES;
				CLANG_WARN_DEPRECATED_OBJC_IMPLEMENTATIONS = YES;
				CLANG_WARN_DIRECT_OBJC_ISA_USAGE = YES_ERROR;
				CLANG_WARN_EMPTY_BODY = YES;
				CLANG_WARN_ENUM_CONVERSION = YES;
				CLANG_WARN_INFINITE_RECURSION = YES;
				CLANG_WARN_INT_CONVERSION = YES;
				CLANG_WARN_NON_LITERAL_NULL_CONVERSION = YES;
				CLANG_WARN_OBJC_IMPLICIT_RETAIN_SELF = YES;
				CLANG_WARN_OBJC_LITERAL_CONVERSION = YES;
				CLANG_WARN_OBJC_ROOT_CLASS = YES_ERROR;
				CLANG_WARN_RANGE_LOOP_ANALYSIS = YES;
				CLANG_WARN_STRICT_PROTOTYPES = YES;
				CLANG_WARN_SUSPICIOUS_MOVE = YES;
				CLANG_WARN_UNREACHABLE_CODE = YES;
				CLANG_WARN__DUPLICATE_METHOD_MATCH = YES;
				CODE_SIGN_IDENTITY = "-";
				COPY_PHASE_STRIP = YES;
				DEBUG_INFORMATION_FORMAT = "dwarf-with-dsym";
				ENABLE_NS_ASSERTIONS = NO;
				ENABLE_STRICT_OBJC_MSGSEND = YES;
				GCC_C_LANGUAGE_STANDARD = gnu99;
				GCC_NO_COMMON_BLOCKS = YES;
				GCC_WARN_64_TO_32_BIT_CONVERSION = YES;
				GCC_WARN_ABOUT_RETURN_TYPE = YES_ERROR;
				GCC_WARN_UNDECLARED_SELECTOR = YES;
				GCC_WARN_UNINITIALIZED_AUTOS = YES_AGGRESSIVE;
				GCC_WARN_UNUSED_FUNCTION = YES;
				GCC_WARN_UNUSED_VARIABLE = YES;
				MACOSX_DEPLOYMENT_TARGET = 10.10;
				MTL_ENABLE_DEBUG_INFO = NO;
				SDKROOT = macosx;
				SWIFT_COMPILATION_MODE = wholemodule;
				SWIFT_OPTIMIZATION_LEVEL = "-O";
			};
			name = Release;
		};
		FCC6C4F119A58C7A0063EC3C /* Debug */ = {
			isa = XCBuildConfiguration;
			buildSettings = {
				ASSETCATALOG_COMPILER_APPICON_NAME = AppIcon;
				CODE_SIGN_ENTITLEMENTS = ReSleep/ReSleep.entitlements;
				CODE_SIGN_IDENTITY = "-";
				CODE_SIGN_INJECT_BASE_ENTITLEMENTS = YES;
				CODE_SIGN_STYLE = Manual;
				COMBINE_HIDPI_IMAGES = YES;
				CURRENT_PROJECT_VERSION = 4;
				DEVELOPMENT_TEAM = "";
				ENABLE_HARDENED_RUNTIME = NO;
				INFOPLIST_FILE = ReSleep/Info.plist;
				LD_RUNPATH_SEARCH_PATHS = (
					"$(inherited)",
					"@executable_path/../Frameworks",
				);
				MACOSX_DEPLOYMENT_TARGET = 10.10;
				MARKETING_VERSION = 1.0.3;
				PRODUCT_BUNDLE_IDENTIFIER = resleep.slsoft.de;
				PRODUCT_NAME = "$(TARGET_NAME)";
				PROVISIONING_PROFILE_SPECIFIER = "";
				SWIFT_VERSION = 5.0;
			};
			name = Debug;
		};
		FCC6C4F219A58C7A0063EC3C /* Release */ = {
			isa = XCBuildConfiguration;
			buildSettings = {
				ASSETCATALOG_COMPILER_APPICON_NAME = AppIcon;
				CODE_SIGN_ENTITLEMENTS = ReSleep/ReSleep.entitlements;
				CODE_SIGN_IDENTITY = "-";
				CODE_SIGN_INJECT_BASE_ENTITLEMENTS = YES;
				CODE_SIGN_STYLE = Manual;
				COMBINE_HIDPI_IMAGES = YES;
				CURRENT_PROJECT_VERSION = 4;
				DEVELOPMENT_TEAM = "";
				ENABLE_HARDENED_RUNTIME = NO;
				INFOPLIST_FILE = ReSleep/Info.plist;
				LD_RUNPATH_SEARCH_PATHS = (
					"$(inherited)",
					"@executable_path/../Frameworks",
				);
				MACOSX_DEPLOYMENT_TARGET = 10.10;
				MARKETING_VERSION = 1.0.3;
				PRODUCT_BUNDLE_IDENTIFIER = resleep.slsoft.de;
				PRODUCT_NAME = "$(TARGET_NAME)";
				PROVISIONING_PROFILE_SPECIFIER = "";
				SWIFT_VERSION = 5.0;
			};
			name = Release;
		};
/* End XCBuildConfiguration section */

/* Begin XCConfigurationList section */
		FCC6C4CD19A58C7A0063EC3C /* Build configuration list for PBXProject "ReSleep" */ = {
			isa = XCConfigurationList;
			buildConfigurations = (
				FCC6C4EE19A58C7A0063EC3C /* Debug */,
				FCC6C4EF19A58C7A0063EC3C /* Release */,
			);
			defaultConfigurationIsVisible = 0;
			defaultConfigurationName = Release;
		};
		FCC6C4F019A58C7A0063EC3C /* Build configuration list for PBXNativeTarget "ReSleep" */ = {
			isa = XCConfigurationList;
			buildConfigurations = (
				FCC6C4F119A58C7A0063EC3C /* Debug */,
				FCC6C4F219A58C7A0063EC3C /* Release */,
			);
			defaultConfigurationIsVisible = 0;
			defaultConfigurationName = Release;
		};
/* End XCConfigurationList section */

/* Begin XCRemoteSwiftPackageReference section */
		2A891D352490253B0084F523 /* XCRemoteSwiftPackageReference "LoginServiceKit" */ = {
			isa = XCRemoteSwiftPackageReference;
			repositoryURL = "https://github.com/Clipy/LoginServiceKit";
			requirement = {
				kind = upToNextMajorVersion;
				minimumVersion = 2.2.0;
			};
		};
		2AAE311E266500070054634E /* XCRemoteSwiftPackageReference "Sparkle" */ = {
			isa = XCRemoteSwiftPackageReference;
			repositoryURL = "https://github.com/sparkle-project/Sparkle";
			requirement = {
				kind = upToNextMajorVersion;
				minimumVersion = 1.26.0;
			};
		};
/* End XCRemoteSwiftPackageReference section */

/* Begin XCSwiftPackageProductDependency section */
		2A891D362490253C0084F523 /* LoginServiceKit */ = {
			isa = XCSwiftPackageProductDependency;
			package = 2A891D352490253B0084F523 /* XCRemoteSwiftPackageReference "LoginServiceKit" */;
			productName = LoginServiceKit;
		};
		2AAE311F266500070054634E /* Sparkle */ = {
			isa = XCSwiftPackageProductDependency;
			package = 2AAE311E266500070054634E /* XCRemoteSwiftPackageReference "Sparkle" */;
			productName = Sparkle;
		};
/* End XCSwiftPackageProductDependency section */
	};
	rootObject = FCC6C4CA19A58C7A0063EC3C /* Project object */;
}
